
Microsoft Visual Studio Solution File, Format Version 12.00
# Visual Studio 15
VisualStudioVersion = 15.0.28307.1738
MinimumVisualStudioVersion = 10.0.40219.1
Project("{FAE04EC0-301F-11D3-BF4B-00C04F79EFBC}") = "ContactManafger", "ContactManafger\ContactManafger.csproj", "{9AE5A603-7CB7-4B7A-8EE6-2E1E996D0BE6}"
EndProject
Global
	GlobalSection(SolutionConfigurationPlatforms) = preSolution
		Debug|Any CPU = Debug|Any CPU
		Release|Any CPU = Release|Any CPU
	EndGlobalSection
	GlobalSection(ProjectConfigurationPlatforms) = postSolution
		{9AE5A603-7CB7-4B7A-8EE6-2E1E996D0BE6}.Debug|Any CPU.ActiveCfg = Debug|Any CPU
		{9AE5A603-7CB7-4B7A-8EE6-2E1E996D0BE6}.Debug|Any CPU.Build.0 = Debug|Any CPU
		{9AE5A603-7CB7-4B7A-8EE6-2E1E996D0BE6}.Release|Any CPU.ActiveCfg = Release|Any CPU
		{9AE5A603-7CB7-4B7A-8EE6-2E1E996D0BE6}.Release|Any CPU.Build.0 = Release|Any CPU
	EndGlobalSection
	GlobalSection(SolutionProperties) = preSolution
		HideSolutionNode = FALSE
	EndGlobalSection
	GlobalSection(ExtensibilityGlobals) = postSolution
		SolutionGuid = {B3B02C5B-E35C-425A-B2CE-873676EC6DD2}
	EndGlobalSection
EndGlobal
